// !$*UTF8*$!
{
	archiveVersion = 1;
	classes = {
	};
	objectVersion = 51;
	objects = {

/* Begin PBXBuildFile section */
		7E343E93B9CC0F18779747C7 /* Pods_TestC.framework in Frameworks */ = {isa = PBXBuildFile; fileRef = 7C000AB50A8460E58F457E4C /* Pods_TestC.framework */; };
		D539FB25242A032500FA770B /* TestCManager.swift in Sources */ = {isa = PBXBuildFile; fileRef = D539FB24242A032500FA770B /* TestCManager.swift */; };
		D597216224640EC20077E565 /* TestCOCViewController.m in Sources */ = {isa = PBXBuildFile; fileRef = D597216024640EC20077E565 /* TestCOCViewController.m */; };
		D5F7DEF624628BEC00116FFC /* NSObject+TestCBundle.m in Sources */ = {isa = PBXBuildFile; fileRef = D5F7DEF524628BEC00116FFC /* NSObject+TestCBundle.m */; };
		F53500FF24148C550019DB86 /* Target_TestC.swift in Sources */ = {isa = PBXBuildFile; fileRef = F53500FD24148C550019DB86 /* Target_TestC.swift */; };
		F535010024148C550019DB86 /* TestCDetailViewController.swift in Sources */ = {isa = PBXBuildFile; fileRef = F53500FE24148C550019DB86 /* TestCDetailViewController.swift */; };
		F581A2DC240E6BFD00D44232 /* TestCAppDelegate.swift in Sources */ = {isa = PBXBuildFile; fileRef = F581A2DB240E6BFD00D44232 /* TestCAppDelegate.swift */; };
		F581A2DE240E6BFD00D44232 /* SceneDelegate.swift in Sources */ = {isa = PBXBuildFile; fileRef = F581A2DD240E6BFD00D44232 /* SceneDelegate.swift */; };
		F581A2E0240E6BFD00D44232 /* TestCMainViewController.swift in Sources */ = {isa = PBXBuildFile; fileRef = F581A2DF240E6BFD00D44232 /* TestCMainViewController.swift */; };
		F581A2E3240E6BFD00D44232 /* Main.storyboard in Resources */ = {isa = PBXBuildFile; fileRef = F581A2E1240E6BFD00D44232 /* Main.storyboard */; };
		F581A2E5240E6BFD00D44232 /* Assets.xcassets in Resources */ = {isa = PBXBuildFile; fileRef = F581A2E4240E6BFD00D44232 /* Assets.xcassets */; };
		F581A2E8240E6BFD00D44232 /* LaunchScreen.storyboard in Resources */ = {isa = PBXBuildFile; fileRef = F581A2E6240E6BFD00D44232 /* LaunchScreen.storyboard */; };
		F581A2F3240E6BFE00D44232 /* TestCTests.swift in Sources */ = {isa = PBXBuildFile; fileRef = F581A2F2240E6BFE00D44232 /* TestCTests.swift */; };
		F581A2FE240E6BFE00D44232 /* TestCUITests.swift in Sources */ = {isa = PBXBuildFile; fileRef = F581A2FD240E6BFE00D44232 /* TestCUITests.swift */; };
		F5EB0CD6241F8B8B00D0E7A6 /* MGJ_TestC.swift in Sources */ = {isa = PBXBuildFile; fileRef = F5EB0CD5241F8B8B00D0E7A6 /* MGJ_TestC.swift */; };
/* End PBXBuildFile section */

/* Begin PBXContainerItemProxy section */
		F581A2EF240E6BFE00D44232 /* PBXContainerItemProxy */ = {
			isa = PBXContainerItemProxy;
			containerPortal = F581A2D0240E6BFD00D44232 /* Project object */;
			proxyType = 1;
			remoteGlobalIDString = F581A2D7240E6BFD00D44232;
			remoteInfo = TestC;
		};
		F581A2FA240E6BFE00D44232 /* PBXContainerItemProxy */ = {
			isa = PBXContainerItemProxy;
			containerPortal = F581A2D0240E6BFD00D44232 /* Project object */;
			proxyType = 1;
			remoteGlobalIDString = F581A2D7240E6BFD00D44232;
			remoteInfo = TestC;
		};
/* End PBXContainerItemProxy section */

/* Begin PBXFileReference section */
		52DE6530EE1C3B452BCC1B6A /* Pods-TestC.debug.xcconfig */ = {isa = PBXFileReference; includeInIndex = 1; lastKnownFileType = text.xcconfig; name = "Pods-TestC.debug.xcconfig"; path = "Target Support Files/Pods-TestC/Pods-TestC.debug.xcconfig"; sourceTree = "<group>"; };
		7C000AB50A8460E58F457E4C /* Pods_TestC.framework */ = {isa = PBXFileReference; explicitFileType = wrapper.framework; includeInIndex = 0; path = Pods_TestC.framework; sourceTree = BUILT_PRODUCTS_DIR; };
		D52E0C8C246D087F0042C66A /* TestC-Bridging-File.h */ = {isa = PBXFileReference; lastKnownFileType = sourcecode.c.h; path = "TestC-Bridging-File.h"; sourceTree = "<group>"; };
		D539FB24242A032500FA770B /* TestCManager.swift */ = {isa = PBXFileReference; lastKnownFileType = sourcecode.swift; path = TestCManager.swift; sourceTree = "<group>"; };
		D597216024640EC20077E565 /* TestCOCViewController.m */ = {isa = PBXFileReference; fileEncoding = 4; lastKnownFileType = sourcecode.c.objc; path = TestCOCViewController.m; sourceTree = "<group>"; };
		D597216124640EC20077E565 /* TestCOCViewController.h */ = {isa = PBXFileReference; fileEncoding = 4; lastKnownFileType = sourcecode.c.h; path = TestCOCViewController.h; sourceTree = "<group>"; };
		D5F7DEF324628BEC00116FFC /* TestC-Bridging-Header.h */ = {isa = PBXFileReference; lastKnownFileType = sourcecode.c.h; path = "TestC-Bridging-Header.h"; sourceTree = "<group>"; };
		D5F7DEF424628BEC00116FFC /* NSObject+TestCBundle.h */ = {isa = PBXFileReference; lastKnownFileType = sourcecode.c.h; path = "NSObject+TestCBundle.h"; sourceTree = "<group>"; };
		D5F7DEF524628BEC00116FFC /* NSObject+TestCBundle.m */ = {isa = PBXFileReference; lastKnownFileType = sourcecode.c.objc; path = "NSObject+TestCBundle.m"; sourceTree = "<group>"; };
		E2F950CA34B2E7ECD2EDC4F1 /* Pods-TestC.release.xcconfig */ = {isa = PBXFileReference; includeInIndex = 1; lastKnownFileType = text.xcconfig; name = "Pods-TestC.release.xcconfig"; path = "Target Support Files/Pods-TestC/Pods-TestC.release.xcconfig"; sourceTree = "<group>"; };
		F53500FD24148C550019DB86 /* Target_TestC.swift */ = {isa = PBXFileReference; fileEncoding = 4; lastKnownFileType = sourcecode.swift; path = Target_TestC.swift; sourceTree = "<group>"; };
		F53500FE24148C550019DB86 /* TestCDetailViewController.swift */ = {isa = PBXFileReference; fileEncoding = 4; lastKnownFileType = sourcecode.swift; path = TestCDetailViewController.swift; sourceTree = "<group>"; };
		F581A2D8240E6BFD00D44232 /* TestC.app */ = {isa = PBXFileReference; explicitFileType = wrapper.application; includeInIndex = 0; path = TestC.app; sourceTree = BUILT_PRODUCTS_DIR; };
		F581A2DB240E6BFD00D44232 /* TestCAppDelegate.swift */ = {isa = PBXFileReference; lastKnownFileType = sourcecode.swift; path = TestCAppDelegate.swift; sourceTree = "<group>"; };
		F581A2DD240E6BFD00D44232 /* SceneDelegate.swift */ = {isa = PBXFileReference; lastKnownFileType = sourcecode.swift; path = SceneDelegate.swift; sourceTree = "<group>"; };
		F581A2DF240E6BFD00D44232 /* TestCMainViewController.swift */ = {isa = PBXFileReference; lastKnownFileType = sourcecode.swift; path = TestCMainViewController.swift; sourceTree = "<group>"; };
		F581A2E2240E6BFD00D44232 /* Base */ = {isa = PBXFileReference; lastKnownFileType = file.storyboard; name = Base; path = Base.lproj/Main.storyboard; sourceTree = "<group>"; };
		F581A2E4240E6BFD00D44232 /* Assets.xcassets */ = {isa = PBXFileReference; lastKnownFileType = folder.assetcatalog; path = Assets.xcassets; sourceTree = "<group>"; };
		F581A2E7240E6BFD00D44232 /* Base */ = {isa = PBXFileReference; lastKnownFileType = file.storyboard; name = Base; path = Base.lproj/LaunchScreen.storyboard; sourceTree = "<group>"; };
		F581A2E9240E6BFD00D44232 /* Info.plist */ = {isa = PBXFileReference; lastKnownFileType = text.plist.xml; path = Info.plist; sourceTree = "<group>"; };
		F581A2EE240E6BFE00D44232 /* TestCTests.xctest */ = {isa = PBXFileReference; explicitFileType = wrapper.cfbundle; includeInIndex = 0; path = TestCTests.xctest; sourceTree = BUILT_PRODUCTS_DIR; };
		F581A2F2240E6BFE00D44232 /* TestCTests.swift */ = {isa = PBXFileReference; lastKnownFileType = sourcecode.swift; path = TestCTests.swift; sourceTree = "<group>"; };
		F581A2F4240E6BFE00D44232 /* Info.plist */ = {isa = PBXFileReference; lastKnownFileType = text.plist.xml; path = Info.plist; sourceTree = "<group>"; };
		F581A2F9240E6BFE00D44232 /* TestCUITests.xctest */ = {isa = PBXFileReference; explicitFileType = wrapper.cfbundle; includeInIndex = 0; path = TestCUITests.xctest; sourceTree = BUILT_PRODUCTS_DIR; };
		F581A2FD240E6BFE00D44232 /* TestCUITests.swift */ = {isa = PBXFileReference; lastKnownFileType = sourcecode.swift; path = TestCUITests.swift; sourceTree = "<group>"; };
		F581A2FF240E6BFE00D44232 /* Info.plist */ = {isa = PBXFileReference; lastKnownFileType = text.plist.xml; path = Info.plist; sourceTree = "<group>"; };
		F5EB0CD5241F8B8B00D0E7A6 /* MGJ_TestC.swift */ = {isa = PBXFileReference; lastKnownFileType = sourcecode.swift; path = MGJ_TestC.swift; sourceTree = "<group>"; };
/* End PBXFileReference section */

/* Begin PBXFrameworksBuildPhase section */
		F581A2D5240E6BFD00D44232 /* Frameworks */ = {
			isa = PBXFrameworksBuildPhase;
			buildActionMask = 2147483647;
			files = (
				7E343E93B9CC0F18779747C7 /* Pods_TestC.framework in Frameworks */,
			);
			runOnlyForDeploymentPostprocessing = 0;
		};
		F581A2EB240E6BFE00D44232 /* Frameworks */ = {
			isa = PBXFrameworksBuildPhase;
			buildActionMask = 2147483647;
			files = (
			);
			runOnlyForDeploymentPostprocessing = 0;
		};
		F581A2F6240E6BFE00D44232 /* Frameworks */ = {
			isa = PBXFrameworksBuildPhase;
			buildActionMask = 2147483647;
			files = (
			);
			runOnlyForDeploymentPostprocessing = 0;
		};
/* End PBXFrameworksBuildPhase section */

/* Begin PBXGroup section */
		0B7531EEBABD4B9CCB316AC9 /* Pods */ = {
			isa = PBXGroup;
			children = (
				52DE6530EE1C3B452BCC1B6A /* Pods-TestC.debug.xcconfig */,
				E2F950CA34B2E7ECD2EDC4F1 /* Pods-TestC.release.xcconfig */,
			);
			name = Pods;
			path = ../Pods;
			sourceTree = "<group>";
		};
		45C1C3202060D16E851EDA91 /* Frameworks */ = {
			isa = PBXGroup;
			children = (
				7C000AB50A8460E58F457E4C /* Pods_TestC.framework */,
			);
			name = Frameworks;
			sourceTree = "<group>";
		};
		D5EAB45C24503EF70044F03E /* VC */ = {
			isa = PBXGroup;
			children = (
				D5EAB45D24503EFD0044F03E /* Main */,
				F53500FE24148C550019DB86 /* TestCDetailViewController.swift */,
			);
			path = VC;
			sourceTree = "<group>";
		};
		D5EAB45D24503EFD0044F03E /* Main */ = {
			isa = PBXGroup;
			children = (
				D597216124640EC20077E565 /* TestCOCViewController.h */,
				D597216024640EC20077E565 /* TestCOCViewController.m */,
				F581A2DF240E6BFD00D44232 /* TestCMainViewController.swift */,
			);
			path = Main;
			sourceTree = "<group>";
		};
		D5EAB45E24503F1E0044F03E /* MGJ */ = {
			isa = PBXGroup;
			children = (
				F5EB0CD5241F8B8B00D0E7A6 /* MGJ_TestC.swift */,
			);
			path = MGJ;
			sourceTree = "<group>";
		};
		D5EAB45F24503F260044F03E /* CT */ = {
			isa = PBXGroup;
			children = (
				F53500FD24148C550019DB86 /* Target_TestC.swift */,
			);
			path = CT;
			sourceTree = "<group>";
		};
		D5EAB46024503F300044F03E /* Base */ = {
			isa = PBXGroup;
			children = (
				D539FB24242A032500FA770B /* TestCManager.swift */,
				D5EAB45F24503F260044F03E /* CT */,
				D5EAB45E24503F1E0044F03E /* MGJ */,
			);
			path = Base;
			sourceTree = "<group>";
		};
		D5F7DEE82462671D00116FFC /* Tools */ = {
			isa = PBXGroup;
			children = (
				D5F7DEF424628BEC00116FFC /* NSObject+TestCBundle.h */,
				D5F7DEF524628BEC00116FFC /* NSObject+TestCBundle.m */,
				D52E0C8C246D087F0042C66A /* TestC-Bridging-File.h */,
			);
			path = Tools;
			sourceTree = "<group>";
		};
		F53500FB24148C290019DB86 /* C */ = {
			isa = PBXGroup;
			children = (
				D5F7DEE82462671D00116FFC /* Tools */,
				D5EAB46024503F300044F03E /* Base */,
				D5EAB45C24503EF70044F03E /* VC */,
			);
			path = C;
			sourceTree = "<group>";
		};
		F581A2CF240E6BFD00D44232 = {
			isa = PBXGroup;
			children = (
				F581A2DA240E6BFD00D44232 /* TestC */,
				F581A2F1240E6BFE00D44232 /* TestCTests */,
				F581A2FC240E6BFE00D44232 /* TestCUITests */,
				F581A2D9240E6BFD00D44232 /* Products */,
				0B7531EEBABD4B9CCB316AC9 /* Pods */,
				45C1C3202060D16E851EDA91 /* Frameworks */,
			);
			sourceTree = "<group>";
		};
		F581A2D9240E6BFD00D44232 /* Products */ = {
			isa = PBXGroup;
			children = (
				F581A2D8240E6BFD00D44232 /* TestC.app */,
				F581A2EE240E6BFE00D44232 /* TestCTests.xctest */,
				F581A2F9240E6BFE00D44232 /* TestCUITests.xctest */,
			);
			name = Products;
			sourceTree = "<group>";
		};
		F581A2DA240E6BFD00D44232 /* TestC */ = {
			isa = PBXGroup;
			children = (
				F53500FB24148C290019DB86 /* C */,
				F581A2DB240E6BFD00D44232 /* TestCAppDelegate.swift */,
				D5F7DEF324628BEC00116FFC /* TestC-Bridging-Header.h */,
				F581A2DD240E6BFD00D44232 /* SceneDelegate.swift */,
				F581A2E1240E6BFD00D44232 /* Main.storyboard */,
				F581A2E4240E6BFD00D44232 /* Assets.xcassets */,
				F581A2E6240E6BFD00D44232 /* LaunchScreen.storyboard */,
				F581A2E9240E6BFD00D44232 /* Info.plist */,
			);
			path = TestC;
			sourceTree = "<group>";
		};
		F581A2F1240E6BFE00D44232 /* TestCTests */ = {
			isa = PBXGroup;
			children = (
				F581A2F2240E6BFE00D44232 /* TestCTests.swift */,
				F581A2F4240E6BFE00D44232 /* Info.plist */,
			);
			path = TestCTests;
			sourceTree = "<group>";
		};
		F581A2FC240E6BFE00D44232 /* TestCUITests */ = {
			isa = PBXGroup;
			children = (
				F581A2FD240E6BFE00D44232 /* TestCUITests.swift */,
				F581A2FF240E6BFE00D44232 /* Info.plist */,
			);
			path = TestCUITests;
			sourceTree = "<group>";
		};
/* End PBXGroup section */

/* Begin PBXNativeTarget section */
		F581A2D7240E6BFD00D44232 /* TestC */ = {
			isa = PBXNativeTarget;
			buildConfigurationList = F581A302240E6BFE00D44232 /* Build configuration list for PBXNativeTarget "TestC" */;
			buildPhases = (
				FC759982FD46AB271FE0813C /* [CP] Check Pods Manifest.lock */,
				F581A2D4240E6BFD00D44232 /* Sources */,
				F581A2D5240E6BFD00D44232 /* Frameworks */,
				F581A2D6240E6BFD00D44232 /* Resources */,
				BC29FBD5E9C50D9C9ABCF8B0 /* [CP] Embed Pods Frameworks */,
			);
			buildRules = (
			);
			dependencies = (
			);
			name = TestC;
			productName = TestC;
			productReference = F581A2D8240E6BFD00D44232 /* TestC.app */;
			productType = "com.apple.product-type.application";
		};
		F581A2ED240E6BFE00D44232 /* TestCTests */ = {
			isa = PBXNativeTarget;
			buildConfigurationList = F581A305240E6BFE00D44232 /* Build configuration list for PBXNativeTarget "TestCTests" */;
			buildPhases = (
				F581A2EA240E6BFE00D44232 /* Sources */,
				F581A2EB240E6BFE00D44232 /* Frameworks */,
				F581A2EC240E6BFE00D44232 /* Resources */,
			);
			buildRules = (
			);
			dependencies = (
				F581A2F0240E6BFE00D44232 /* PBXTargetDependency */,
			);
			name = TestCTests;
			productName = TestCTests;
			productReference = F581A2EE240E6BFE00D44232 /* TestCTests.xctest */;
			productType = "com.apple.product-type.bundle.unit-test";
		};
		F581A2F8240E6BFE00D44232 /* TestCUITests */ = {
			isa = PBXNativeTarget;
			buildConfigurationList = F581A308240E6BFE00D44232 /* Build configuration list for PBXNativeTarget "TestCUITests" */;
			buildPhases = (
				F581A2F5240E6BFE00D44232 /* Sources */,
				F581A2F6240E6BFE00D44232 /* Frameworks */,
				F581A2F7240E6BFE00D44232 /* Resources */,
			);
			buildRules = (
			);
			dependencies = (
				F581A2FB240E6BFE00D44232 /* PBXTargetDependency */,
			);
			name = TestCUITests;
			productName = TestCUITests;
			productReference = F581A2F9240E6BFE00D44232 /* TestCUITests.xctest */;
			productType = "com.apple.product-type.bundle.ui-testing";
		};
/* End PBXNativeTarget section */

/* Begin PBXProject section */
		F581A2D0240E6BFD00D44232 /* Project object */ = {
			isa = PBXProject;
			attributes = {
				LastSwiftUpdateCheck = 1130;
				LastUpgradeCheck = 1130;
				ORGANIZATIONNAME = "董雪娇";
				TargetAttributes = {
					F581A2D7240E6BFD00D44232 = {
						CreatedOnToolsVersion = 11.3.1;
						LastSwiftMigration = 1140;
					};
					F581A2ED240E6BFE00D44232 = {
						CreatedOnToolsVersion = 11.3.1;
						TestTargetID = F581A2D7240E6BFD00D44232;
					};
					F581A2F8240E6BFE00D44232 = {
						CreatedOnToolsVersion = 11.3.1;
						TestTargetID = F581A2D7240E6BFD00D44232;
					};
				};
			};
			buildConfigurationList = F581A2D3240E6BFD00D44232 /* Build configuration list for PBXProject "TestC" */;
			compatibilityVersion = "Xcode 9.3";
			developmentRegion = en;
			hasScannedForEncodings = 0;
			knownRegions = (
				en,
				Base,
			);
			mainGroup = F581A2CF240E6BFD00D44232;
			productRefGroup = F581A2D9240E6BFD00D44232 /* Products */;
			projectDirPath = "";
			projectRoot = "";
			targets = (
				F581A2D7240E6BFD00D44232 /* TestC */,
				F581A2ED240E6BFE00D44232 /* TestCTests */,
				F581A2F8240E6BFE00D44232 /* TestCUITests */,
			);
		};
/* End PBXProject section */

/* Begin PBXResourcesBuildPhase section */
		F581A2D6240E6BFD00D44232 /* Resources */ = {
			isa = PBXResourcesBuildPhase;
			buildActionMask = 2147483647;
			files = (
				F581A2E8240E6BFD00D44232 /* LaunchScreen.storyboard in Resources */,
				F581A2E5240E6BFD00D44232 /* Assets.xcassets in Resources */,
				F581A2E3240E6BFD00D44232 /* Main.storyboard in Resources */,
			);
			runOnlyForDeploymentPostprocessing = 0;
		};
		F581A2EC240E6BFE00D44232 /* Resources */ = {
			isa = PBXResourcesBuildPhase;
			buildActionMask = 2147483647;
			files = (
			);
			runOnlyForDeploymentPostprocessing = 0;
		};
		F581A2F7240E6BFE00D44232 /* Resources */ = {
			isa = PBXResourcesBuildPhase;
			buildActionMask = 2147483647;
			files = (
			);
			runOnlyForDeploymentPostprocessing = 0;
		};
/* End PBXResourcesBuildPhase section */

/* Begin PBXShellScriptBuildPhase section */
		BC29FBD5E9C50D9C9ABCF8B0 /* [CP] Embed Pods Frameworks */ = {
			isa = PBXShellScriptBuildPhase;
			buildActionMask = 2147483647;
			files = (
			);
			inputFileListPaths = (
				"${PODS_ROOT}/Target Support Files/Pods-TestC/Pods-TestC-frameworks-${CONFIGURATION}-input-files.xcfilelist",
			);
			name = "[CP] Embed Pods Frameworks";
			outputFileListPaths = (
				"${PODS_ROOT}/Target Support Files/Pods-TestC/Pods-TestC-frameworks-${CONFIGURATION}-output-files.xcfilelist",
			);
			runOnlyForDeploymentPostprocessing = 0;
			shellPath = /bin/sh;
			shellScript = "\"${PODS_ROOT}/Target Support Files/Pods-TestC/Pods-TestC-frameworks.sh\"\n";
			showEnvVarsInLog = 0;
		};
		FC759982FD46AB271FE0813C /* [CP] Check Pods Manifest.lock */ = {
			isa = PBXShellScriptBuildPhase;
			buildActionMask = 2147483647;
			files = (
			);
			inputFileListPaths = (
			);
			inputPaths = (
				"${PODS_PODFILE_DIR_PATH}/Podfile.lock",
				"${PODS_ROOT}/Manifest.lock",
			);
			name = "[CP] Check Pods Manifest.lock";
			outputFileListPaths = (
			);
			outputPaths = (
				"$(DERIVED_FILE_DIR)/Pods-TestC-checkManifestLockResult.txt",
			);
			runOnlyForDeploymentPostprocessing = 0;
			shellPath = /bin/sh;
			shellScript = "diff \"${PODS_PODFILE_DIR_PATH}/Podfile.lock\" \"${PODS_ROOT}/Manifest.lock\" > /dev/null\nif [ $? != 0 ] ; then\n    # print error to STDERR\n    echo \"error: The sandbox is not in sync with the Podfile.lock. Run 'pod install' or update your CocoaPods installation.\" >&2\n    exit 1\nfi\n# This output is used by Xcode 'outputs' to avoid re-running this script phase.\necho \"SUCCESS\" > \"${SCRIPT_OUTPUT_FILE_0}\"\n";
			showEnvVarsInLog = 0;
		};
/* End PBXShellScriptBuildPhase section */

/* Begin PBXSourcesBuildPhase section */
		F581A2D4240E6BFD00D44232 /* Sources */ = {
			isa = PBXSourcesBuildPhase;
			buildActionMask = 2147483647;
			files = (
				F535010024148C550019DB86 /* TestCDetailViewController.swift in Sources */,
				D597216224640EC20077E565 /* TestCOCViewController.m in Sources */,
				D5F7DEF624628BEC00116FFC /* NSObject+TestCBundle.m in Sources */,
				D539FB25242A032500FA770B /* TestCManager.swift in Sources */,
				F581A2E0240E6BFD00D44232 /* TestCMainViewController.swift in Sources */,
				F5EB0CD6241F8B8B00D0E7A6 /* MGJ_TestC.swift in Sources */,
				F581A2DC240E6BFD00D44232 /* TestCAppDelegate.swift in Sources */,
				F53500FF24148C550019DB86 /* Target_TestC.swift in Sources */,
				F581A2DE240E6BFD00D44232 /* SceneDelegate.swift in Sources */,
			);
			runOnlyForDeploymentPostprocessing = 0;
		};
		F581A2EA240E6BFE00D44232 /* Sources */ = {
			isa = PBXSourcesBuildPhase;
			buildActionMask = 2147483647;
			files = (
				F581A2F3240E6BFE00D44232 /* TestCTests.swift in Sources */,
			);
			runOnlyForDeploymentPostprocessing = 0;
		};
		F581A2F5240E6BFE00D44232 /* Sources */ = {
			isa = PBXSourcesBuildPhase;
			buildActionMask = 2147483647;
			files = (
				F581A2FE240E6BFE00D44232 /* TestCUITests.swift in Sources */,
			);
			runOnlyForDeploymentPostprocessing = 0;
		};
/* End PBXSourcesBuildPhase section */

/* Begin PBXTargetDependency section */
		F581A2F0240E6BFE00D44232 /* PBXTargetDependency */ = {
			isa = PBXTargetDependency;
			target = F581A2D7240E6BFD00D44232 /* TestC */;
			targetProxy = F581A2EF240E6BFE00D44232 /* PBXContainerItemProxy */;
		};
		F581A2FB240E6BFE00D44232 /* PBXTargetDependency */ = {
			isa = PBXTargetDependency;
			target = F581A2D7240E6BFD00D44232 /* TestC */;
			targetProxy = F581A2FA240E6BFE00D44232 /* PBXContainerItemProxy */;
		};
/* End PBXTargetDependency section */

/* Begin PBXVariantGroup section */
		F581A2E1240E6BFD00D44232 /* Main.storyboard */ = {
			isa = PBXVariantGroup;
			children = (
				F581A2E2240E6BFD00D44232 /* Base */,
			);
			name = Main.storyboard;
			sourceTree = "<group>";
		};
		F581A2E6240E6BFD00D44232 /* LaunchScreen.storyboard */ = {
			isa = PBXVariantGroup;
			children = (
				F581A2E7240E6BFD00D44232 /* Base */,
			);
			name = LaunchScreen.storyboard;
			sourceTree = "<group>";
		};
/* End PBXVariantGroup section */

/* Begin XCBuildConfiguration section */
		F581A300240E6BFE00D44232 /* Debug */ = {
			isa = XCBuildConfiguration;
			buildSettings = {
				ALWAYS_SEARCH_USER_PATHS = NO;
				CLANG_ANALYZER_NONNULL = YES;
				CLANG_ANALYZER_NUMBER_OBJECT_CONVERSION = YES_AGGRESSIVE;
				CLANG_CXX_LANGUAGE_STANDARD = "gnu++14";
				CLANG_CXX_LIBRARY = "libc++";
				CLANG_ENABLE_MODULES = YES;
				CLANG_ENABLE_OBJC_ARC = YES;
				CLANG_ENABLE_OBJC_WEAK = YES;
				CLANG_WARN_BLOCK_CAPTURE_AUTORELEASING = YES;
				CLANG_WARN_BOOL_CONVERSION = YES;
				CLANG_WARN_COMMA = YES;
				CLANG_WARN_CONSTANT_CONVERSION = YES;
				CLANG_WARN_DEPRECATED_OBJC_IMPLEMENTATIONS = YES;
				CLANG_WARN_DIRECT_OBJC_ISA_USAGE = YES_ERROR;
				CLANG_WARN_DOCUMENTATION_COMMENTS = YES;
				CLANG_WARN_EMPTY_BODY = YES;
				CLANG_WARN_ENUM_CONVERSION = YES;
				CLANG_WARN_INFINITE_RECURSION = YES;
				CLANG_WARN_INT_CONVERSION = YES;
				CLANG_WARN_NON_LITERAL_NULL_CONVERSION = YES;
				CLANG_WARN_OBJC_IMPLICIT_RETAIN_SELF = YES;
				CLANG_WARN_OBJC_LITERAL_CONVERSION = YES;
				CLANG_WARN_OBJC_ROOT_CLASS = YES_ERROR;
				CLANG_WARN_RANGE_LOOP_ANALYSIS = YES;
				CLANG_WARN_STRICT_PROTOTYPES = YES;
				CLANG_WARN_SUSPICIOUS_MOVE = YES;
				CLANG_WARN_UNGUARDED_AVAILABILITY = YES_AGGRESSIVE;
				CLANG_WARN_UNREACHABLE_CODE = YES;
				CLANG_WARN__DUPLICATE_METHOD_MATCH = YES;
				COPY_PHASE_STRIP = NO;
				DEBUG_INFORMATION_FORMAT = dwarf;
				ENABLE_STRICT_OBJC_MSGSEND = YES;
				ENABLE_TESTABILITY = YES;
				GCC_C_LANGUAGE_STANDARD = gnu11;
				GCC_DYNAMIC_NO_PIC = NO;
				GCC_NO_COMMON_BLOCKS = YES;
				GCC_OPTIMIZATION_LEVEL = 0;
				GCC_PREPROCESSOR_DEFINITIONS = (
					"DEBUG=1",
					"$(inherited)",
				);
				GCC_WARN_64_TO_32_BIT_CONVERSION = YES;
				GCC_WARN_ABOUT_RETURN_TYPE = YES_ERROR;
				GCC_WARN_UNDECLARED_SELECTOR = YES;
				GCC_WARN_UNINITIALIZED_AUTOS = YES_AGGRESSIVE;
				GCC_WARN_UNUSED_FUNCTION = YES;
				GCC_WARN_UNUSED_VARIABLE = YES;
				IPHONEOS_DEPLOYMENT_TARGET = 13.2;
				MTL_ENABLE_DEBUG_INFO = INCLUDE_SOURCE;
				MTL_FAST_MATH = YES;
				ONLY_ACTIVE_ARCH = YES;
				SDKROOT = iphoneos;
				SWIFT_ACTIVE_COMPILATION_CONDITIONS = DEBUG;
				SWIFT_OPTIMIZATION_LEVEL = "-Onone";
			};
			name = Debug;
		};
		F581A301240E6BFE00D44232 /* Release */ = {
			isa = XCBuildConfiguration;
			buildSettings = {
				ALWAYS_SEARCH_USER_PATHS = NO;
				CLANG_ANALYZER_NONNULL = YES;
				CLANG_ANALYZER_NUMBER_OBJECT_CONVERSION = YES_AGGRESSIVE;
				CLANG_CXX_LANGUAGE_STANDARD = "gnu++14";
				CLANG_CXX_LIBRARY = "libc++";
				CLANG_ENABLE_MODULES = YES;
				CLANG_ENABLE_OBJC_ARC = YES;
				CLANG_ENABLE_OBJC_WEAK = YES;
				CLANG_WARN_BLOCK_CAPTURE_AUTORELEASING = YES;
				CLANG_WARN_BOOL_CONVERSION = YES;
				CLANG_WARN_COMMA = YES;
				CLANG_WARN_CONSTANT_CONVERSION = YES;
				CLANG_WARN_DEPRECATED_OBJC_IMPLEMENTATIONS = YES;
				CLANG_WARN_DIRECT_OBJC_ISA_USAGE = YES_ERROR;
				CLANG_WARN_DOCUMENTATION_COMMENTS = YES;
				CLANG_WARN_EMPTY_BODY = YES;
				CLANG_WARN_ENUM_CONVERSION = YES;
				CLANG_WARN_INFINITE_RECURSION = YES;
				CLANG_WARN_INT_CONVERSION = YES;
				CLANG_WARN_NON_LITERAL_NULL_CONVERSION = YES;
				CLANG_WARN_OBJC_IMPLICIT_RETAIN_SELF = YES;
				CLANG_WARN_OBJC_LITERAL_CONVERSION = YES;
				CLANG_WARN_OBJC_ROOT_CLASS = YES_ERROR;
				CLANG_WARN_RANGE_LOOP_ANALYSIS = YES;
				CLANG_WARN_STRICT_PROTOTYPES = YES;
				CLANG_WARN_SUSPICIOUS_MOVE = YES;
				CLANG_WARN_UNGUARDED_AVAILABILITY = YES_AGGRESSIVE;
				CLANG_WARN_UNREACHABLE_CODE = YES;
				CLANG_WARN__DUPLICATE_METHOD_MATCH = YES;
				COPY_PHASE_STRIP = NO;
				DEBUG_INFORMATION_FORMAT = "dwarf-with-dsym";
				ENABLE_NS_ASSERTIONS = NO;
				ENABLE_STRICT_OBJC_MSGSEND = YES;
				GCC_C_LANGUAGE_STANDARD = gnu11;
				GCC_NO_COMMON_BLOCKS = YES;
				GCC_WARN_64_TO_32_BIT_CONVERSION = YES;
				GCC_WARN_ABOUT_RETURN_TYPE = YES_ERROR;
				GCC_WARN_UNDECLARED_SELECTOR = YES;
				GCC_WARN_UNINITIALIZED_AUTOS = YES_AGGRESSIVE;
				GCC_WARN_UNUSED_FUNCTION = YES;
				GCC_WARN_UNUSED_VARIABLE = YES;
				IPHONEOS_DEPLOYMENT_TARGET = 13.2;
				MTL_ENABLE_DEBUG_INFO = NO;
				MTL_FAST_MATH = YES;
				SDKROOT = iphoneos;
				SWIFT_COMPILATION_MODE = wholemodule;
				SWIFT_OPTIMIZATION_LEVEL = "-O";
				VALIDATE_PRODUCT = YES;
			};
			name = Release;
		};
		F581A303240E6BFE00D44232 /* Debug */ = {
			isa = XCBuildConfiguration;
			baseConfigurationReference = 52DE6530EE1C3B452BCC1B6A /* Pods-TestC.debug.xcconfig */;
			buildSettings = {
				ASSETCATALOG_COMPILER_APPICON_NAME = AppIcon;
				CLANG_ENABLE_MODULES = YES;
				CODE_SIGN_STYLE = Automatic;
				DEVELOPMENT_TEAM = XYA9VBR3KK;
				INFOPLIST_FILE = TestC/Info.plist;
				LD_RUNPATH_SEARCH_PATHS = (
					"$(inherited)",
					"@executable_path/Frameworks",
				);
				PRODUCT_BUNDLE_IDENTIFIER = "-.TestC";
				PRODUCT_NAME = "$(TARGET_NAME)";
				SWIFT_OBJC_BRIDGING_HEADER = "TestC/TestC-Bridging-Header.h";
				SWIFT_OPTIMIZATION_LEVEL = "-Onone";
				SWIFT_VERSION = 5.0;
				TARGETED_DEVICE_FAMILY = "1,2";
			};
			name = Debug;
		};
		F581A304240E6BFE00D44232 /* Release */ = {
			isa = XCBuildConfiguration;
			baseConfigurationReference = E2F950CA34B2E7ECD2EDC4F1 /* Pods-TestC.release.xcconfig */;
			buildSettings = {
				ASSETCATALOG_COMPILER_APPICON_NAME = AppIcon;
				CLANG_ENABLE_MODULES = YES;
				CODE_SIGN_STYLE = Automatic;
				DEVELOPMENT_TEAM = XYA9VBR3KK;
				INFOPLIST_FILE = TestC/Info.plist;
				LD_RUNPATH_SEARCH_PATHS = (
					"$(inherited)",
					"@executable_path/Frameworks",
				);
				PRODUCT_BUNDLE_IDENTIFIER = "-.TestC";
				PRODUCT_NAME = "$(TARGET_NAME)";
				SWIFT_OBJC_BRIDGING_HEADER = "TestC/TestC-Bridging-Header.h";
				SWIFT_VERSION = 5.0;
				TARGETED_DEVICE_FAMILY = "1,2";
			};
			name = Release;
		};
		F581A306240E6BFE00D44232 /* Debug */ = {
			isa = XCBuildConfiguration;
			buildSettings = {
				ALWAYS_EMBED_SWIFT_STANDARD_LIBRARIES = YES;
				BUNDLE_LOADER = "$(TEST_HOST)";
				CODE_SIGN_STYLE = Automatic;
				DEVELOPMENT_TEAM = XYA9VBR3KK;
				INFOPLIST_FILE = TestCTests/Info.plist;
				IPHONEOS_DEPLOYMENT_TARGET = 13.2;
				LD_RUNPATH_SEARCH_PATHS = (
					"$(inherited)",
					"@executable_path/Frameworks",
					"@loader_path/Frameworks",
				);
				PRODUCT_BUNDLE_IDENTIFIER = "-.TestCTests";
				PRODUCT_NAME = "$(TARGET_NAME)";
				SWIFT_VERSION = 5.0;
				TARGETED_DEVICE_FAMILY = "1,2";
				TEST_HOST = "$(BUILT_PRODUCTS_DIR)/TestC.app/TestC";
			};
			name = Debug;
		};
		F581A307240E6BFE00D44232 /* Release */ = {
			isa = XCBuildConfiguration;
			buildSettings = {
				ALWAYS_EMBED_SWIFT_STANDARD_LIBRARIES = YES;
				BUNDLE_LOADER = "$(TEST_HOST)";
				CODE_SIGN_STYLE = Automatic;
				DEVELOPMENT_TEAM = XYA9VBR3KK;
				INFOPLIST_FILE = TestCTests/Info.plist;
				IPHONEOS_DEPLOYMENT_TARGET = 13.2;
				LD_RUNPATH_SEARCH_PATHS = (
					"$(inherited)",
					"@executable_path/Frameworks",
					"@loader_path/Frameworks",
				);
				PRODUCT_BUNDLE_IDENTIFIER = "-.TestCTests";
				PRODUCT_NAME = "$(TARGET_NAME)";
				SWIFT_VERSION = 5.0;
				TARGETED_DEVICE_FAMILY = "1,2";
				TEST_HOST = "$(BUILT_PRODUCTS_DIR)/TestC.app/TestC";
			};
			name = Release;
		};
		F581A309240E6BFE00D44232 /* Debug */ = {
			isa = XCBuildConfiguration;
			buildSettings = {
				ALWAYS_EMBED_SWIFT_STANDARD_LIBRARIES = YES;
				CODE_SIGN_STYLE = Automatic;
				DEVELOPMENT_TEAM = XYA9VBR3KK;
				INFOPLIST_FILE = TestCUITests/Info.plist;
				LD_RUNPATH_SEARCH_PATHS = (
					"$(inherited)",
					"@executable_path/Frameworks",
					"@loader_path/Frameworks",
				);
				PRODUCT_BUNDLE_IDENTIFIER = "-.TestCUITests";
				PRODUCT_NAME = "$(TARGET_NAME)";
				SWIFT_VERSION = 5.0;
				TARGETED_DEVICE_FAMILY = "1,2";
				TEST_TARGET_NAME = TestC;
			};
			name = Debug;
		};
		F581A30A240E6BFE00D44232 /* Release */ = {
			isa = XCBuildConfiguration;
			buildSettings = {
				ALWAYS_EMBED_SWIFT_STANDARD_LIBRARIES = YES;
				CODE_SIGN_STYLE = Automatic;
				DEVELOPMENT_TEAM = XYA9VBR3KK;
				INFOPLIST_FILE = TestCUITests/Info.plist;
				LD_RUNPATH_SEARCH_PATHS = (
					"$(inherited)",
					"@executable_path/Frameworks",
					"@loader_path/Frameworks",
				);
				PRODUCT_BUNDLE_IDENTIFIER = "-.TestCUITests";
				PRODUCT_NAME = "$(TARGET_NAME)";
				SWIFT_VERSION = 5.0;
				TARGETED_DEVICE_FAMILY = "1,2";
				TEST_TARGET_NAME = TestC;
			};
			name = Release;
		};
/* End XCBuildConfiguration section */

/* Begin XCConfigurationList section */
		F581A2D3240E6BFD00D44232 /* Build configuration list for PBXProject "TestC" */ = {
			isa = XCConfigurationList;
			buildConfigurations = (
				F581A300240E6BFE00D44232 /* Debug */,
				F581A301240E6BFE00D44232 /* Release */,
			);
			defaultConfigurationIsVisible = 0;
			defaultConfigurationName = Release;
		};
		F581A302240E6BFE00D44232 /* Build configuration list for PBXNativeTarget "TestC" */ = {
			isa = XCConfigurationList;
			buildConfigurations = (
				F581A303240E6BFE00D44232 /* Debug */,
				F581A304240E6BFE00D44232 /* Release */,
			);
			defaultConfigurationIsVisible = 0;
			defaultConfigurationName = Release;
		};
		F581A305240E6BFE00D44232 /* Build configuration list for PBXNativeTarget "TestCTests" */ = {
			isa = XCConfigurationList;
			buildConfigurations = (
				F581A306240E6BFE00D44232 /* Debug */,
				F581A307240E6BFE00D44232 /* Release */,
			);
			defaultConfigurationIsVisible = 0;
			defaultConfigurationName = Release;
		};
		F581A308240E6BFE00D44232 /* Build configuration list for PBXNativeTarget "TestCUITests" */ = {
			isa = XCConfigurationList;
			buildConfigurations = (
				F581A309240E6BFE00D44232 /* Debug */,
				F581A30A240E6BFE00D44232 /* Release */,
			);
			defaultConfigurationIsVisible = 0;
			defaultConfigurationName = Release;
		};
/* End XCConfigurationList section */
	};
	rootObject = F581A2D0240E6BFD00D44232 /* Project object */;
}
